
Microsoft Visual Studio Solution File, Format Version 12.00
# Visual Studio 14
VisualStudioVersion = 14.0.25420.1
MinimumVisualStudioVersion = 10.0.40219.1
Project("{FAE04EC0-301F-11D3-BF4B-00C04F79EFBC}") = "DocApi", "DocApi\DocApi.csproj", "{56169976-1D16-410F-8643-54FE6B5A9751}"
EndProject
Project("{FAE04EC0-301F-11D3-BF4B-00C04F79EFBC}") = "DocApi.Tests", "DocApi.Tests\DocApi.Tests.csproj", "{3930F6DF-3650-4CAD-A894-2609DAFB654A}"
EndProject
Global
	GlobalSection(SolutionConfigurationPlatforms) = preSolution
		Debug|Any CPU = Debug|Any CPU
		Release|Any CPU = Release|Any CPU
	EndGlobalSection
	GlobalSection(ProjectConfigurationPlatforms) = postSolution
		{56169976-1D16-410F-8643-54FE6B5A9751}.Debug|Any CPU.ActiveCfg = Debug|Any CPU
		{56169976-1D16-410F-8643-54FE6B5A9751}.Debug|Any CPU.Build.0 = Debug|Any CPU
		{56169976-1D16-410F-8643-54FE6B5A9751}.Release|Any CPU.ActiveCfg = Release|Any CPU
		{56169976-1D16-410F-8643-54FE6B5A9751}.Release|Any CPU.Build.0 = Release|Any CPU
		{3930F6DF-3650-4CAD-A894-2609DAFB654A}.Debug|Any CPU.ActiveCfg = Debug|Any CPU
		{3930F6DF-3650-4CAD-A894-2609DAFB654A}.Debug|Any CPU.Build.0 = Debug|Any CPU
		{3930F6DF-3650-4CAD-A894-2609DAFB654A}.Release|Any CPU.ActiveCfg = Release|Any CPU
		{3930F6DF-3650-4CAD-A894-2609DAFB654A}.Release|Any CPU.Build.0 = Release|Any CPU
	EndGlobalSection
	GlobalSection(SolutionProperties) = preSolution
		HideSolutionNode = FALSE
	EndGlobalSection
EndGlobal
